
Microsoft Visual Studio Solution File, Format Version 12.00
# Visual Studio Version 17
VisualStudioVersion = 17.0.32014.148
MinimumVisualStudioVersion = 10.0.40219.1
Project("{FAE04EC0-301F-11D3-BF4B-00C04F79EFBC}") = "DrawingStars", "DrawingStars.csproj", "{98FDCB6A-FDCC-41CE-B0D5-D73A44DFF6AE}"
EndProject
Global
	GlobalSection(SolutionConfigurationPlatforms) = preSolution
		Debug|Any CPU = Debug|Any CPU
		Release|Any CPU = Release|Any CPU
	EndGlobalSection
	GlobalSection(ProjectConfigurationPlatforms) = postSolution
		{98FDCB6A-FDCC-41CE-B0D5-D73A44DFF6AE}.Debug|Any CPU.ActiveCfg = Debug|Any CPU
		{98FDCB6A-FDCC-41CE-B0D5-D73A44DFF6AE}.Debug|Any CPU.Build.0 = Debug|Any CPU
		{98FDCB6A-FDCC-41CE-B0D5-D73A44DFF6AE}.Release|Any CPU.ActiveCfg = Release|Any CPU
		{98FDCB6A-FDCC-41CE-B0D5-D73A44DFF6AE}.Release|Any CPU.Build.0 = Release|Any CPU
	EndGlobalSection
	GlobalSection(SolutionProperties) = preSolution
		HideSolutionNode = FALSE
	EndGlobalSection
	GlobalSection(ExtensibilityGlobals) = postSolution
		SolutionGuid = {EBDA1FEF-6463-4672-838C-37B64EE2D6A1}
	EndGlobalSection
EndGlobal
